{
  "comment" : "An inventory of resolved dependency versions. Do not edit this file directly.",
  "configurationGroups" : {
    "all" : {
      "com.carrotsearch.console:launcher:1.1.3" : "d88b325f",
      "com.carrotsearch.progresso:progresso:1.8.2" : "d88b325f",
      "com.carrotsearch.progresso:progresso-consolewidth-unixish:1.8.2" : "d88b325f",
      "com.carrotsearch.progresso:progresso-jvmversion:1.8.2" : "77cf48b2",
      "com.carrotsearch.progresso:progresso-log4j2:1.8.2" : "d88b325f",
      "com.carrotsearch.randomizedtesting:randomizedtesting-runner:2.8.1" : "6adc5c70",
      "com.carrotsearch:hppc:0.9.1" : "8a49c2c6",
      "com.carrotsearch:procfork:1.0.6" : "19a3eb01",
      "com.fasterxml.jackson.core:jackson-annotations:2.15.3" : "4dfe7f64",
      "com.fasterxml.jackson.core:jackson-core:2.15.3" : "4dfe7f64",
      "com.fasterxml.jackson.core:jackson-databind:2.15.3" : "4dfe7f64",
      "com.fasterxml.jackson:jackson-bom:2.15.3" : "4dfe7f64",
      "com.ibm.icu:icu4j:70.1" : "65c71ef2",
      "commons-codec:commons-codec:1.11" : "8beb2115",
      "commons-logging:commons-logging:1.2" : "8beb2115",
      "junit:junit:4.13.2" : "b3b6b06b",
      "net.bytebuddy:byte-buddy:1.14.9" : "08b247e6",
      "net.bytebuddy:byte-buddy-agent:1.14.9" : "08b247e6",
      "org.apache.commons:commons-compress:1.24.0" : "cf59ff86",
      "org.apache.commons:commons-lang3:3.13.0" : "3cb719cb",
      "org.apache.commons:commons-text:1.11.0" : "3cb719cb",
      "org.apache.httpcomponents:httpclient:4.5.14" : "8beb2115",
      "org.apache.httpcomponents:httpcore:4.4.16" : "8beb2115",
      "org.apache.logging.log4j:log4j-api:2.21.1" : "ddb40bdf",
      "org.apache.logging.log4j:log4j-core:2.21.1" : "ddb40bdf",
      "org.apache.logging.log4j:log4j-slf4j2-impl:2.21.1" : "ddb40bdf",
      "org.apache.lucene:lucene-analysis-common:9.8.0" : "6d26e8aa",
      "org.apache.lucene:lucene-analysis-icu:9.8.0" : "65c71ef2",
      "org.apache.lucene:lucene-analysis-kuromoji:9.8.0" : "743c3b8b",
      "org.apache.lucene:lucene-analysis-nori:9.8.0" : "a031e2cb",
      "org.apache.lucene:lucene-analysis-smartcn:9.8.0" : "371409b7",
      "org.apache.lucene:lucene-core:9.8.0" : "6d26e8aa",
      "org.assertj:assertj-core:3.21.0" : "6adc5c70",
      "org.carrot2:morfologik-fsa:2.1.9" : "d462e4dc",
      "org.carrot2:morfologik-polish:2.1.9" : "d462e4dc",
      "org.carrot2:morfologik-stemming:2.1.9" : "d462e4dc",
      "org.eclipse.jetty.toolchain:jetty-jakarta-servlet-api:5.0.2" : "5d34bad0",
      "org.eclipse.jetty:jetty-http:11.0.18" : "7d23fd46",
      "org.eclipse.jetty:jetty-io:11.0.18" : "7d23fd46",
      "org.eclipse.jetty:jetty-security:11.0.18" : "7d23fd46",
      "org.eclipse.jetty:jetty-server:11.0.18" : "7d23fd46",
      "org.eclipse.jetty:jetty-servlet:11.0.18" : "7d23fd46",
      "org.eclipse.jetty:jetty-util:11.0.18" : "7d23fd46",
      "org.eclipse.jetty:jetty-webapp:11.0.18" : "7d23fd46",
      "org.eclipse.jetty:jetty-xml:11.0.18" : "7d23fd46",
      "org.hamcrest:hamcrest-core:1.3" : "b3b6b06b",
      "org.mockito:mockito-core:5.7.0" : "08b247e6",
      "org.objenesis:objenesis:3.3" : "d2915842",
      "org.slf4j:slf4j-api:2.0.9" : "b1bf56db"
    }
  },
  "because" : {
    "08b247e6" : [
      "Configuration testCompileClasspath in :dcs:contexts:service",
      "Configuration testRuntimeClasspath in :dcs:contexts:service"
    ],
    "19a3eb01" : [
      "Configuration testCompileClasspath in :distribution-tests",
      "Configuration testRuntimeClasspath in :distribution-tests",
      "Configuration testCompileClasspath in :dcs:tests",
      "Configuration testRuntimeClasspath in :dcs:tests"
    ],
    "371409b7" : [
      "Configuration compileClasspath in :lang:lucene-chinese",
      "Configuration runtimeClasspath in :lang:lucene-chinese",
      "Configuration testCompileClasspath in :lang:lucene-chinese",
      "Configuration testRuntimeClasspath in :lang:lucene-chinese"
    ],
    "3cb719cb" : [
      "Configuration compileClasspath in :infra:jsondoclet",
      "Configuration runtimeClasspath in :infra:jsondoclet",
      "Configuration testCompileClasspath in :infra:jsondoclet",
      "Configuration testRuntimeClasspath in :infra:jsondoclet"
    ],
    "4dfe7f64" : [
      "Configuration compileClasspath in :dcs:examples",
      "Configuration runtimeClasspath in :dcs:examples",
      "Configuration testCompileClasspath in :dcs:examples",
      "Configuration testRuntimeClasspath in :dcs:examples",
      "Configuration compileClasspath in :dcs:model",
      "Configuration runtimeClasspath in :dcs:model",
      "Configuration testCompileClasspath in :dcs:model",
      "Configuration testRuntimeClasspath in :dcs:model",
      "Configuration testCompileClasspath in :dcs:tests",
      "Configuration testRuntimeClasspath in :dcs:tests",
      "Configuration compileClasspath in :infra:docattrs",
      "Configuration runtimeClasspath in :infra:docattrs",
      "Configuration testCompileClasspath in :infra:docattrs",
      "Configuration testRuntimeClasspath in :infra:docattrs",
      "Configuration compileClasspath in :infra:jsondoclet",
      "Configuration runtimeClasspath in :infra:jsondoclet",
      "Configuration testCompileClasspath in :infra:jsondoclet",
      "Configuration testRuntimeClasspath in :infra:jsondoclet",
      "Configuration compileClasspath in :infra:jsondoclet-model",
      "Configuration runtimeClasspath in :infra:jsondoclet-model",
      "Configuration testCompileClasspath in :infra:jsondoclet-model",
      "Configuration testRuntimeClasspath in :infra:jsondoclet-model",
      "Configuration compileClasspath in :dcs:contexts:service",
      "Configuration runtimeClasspath in :dcs:contexts:service",
      "Configuration testCompileClasspath in :dcs:contexts:service",
      "Configuration testRuntimeClasspath in :dcs:contexts:service"
    ],
    "5d34bad0" : [
      "Configuration compileClasspath in :dcs:distribution",
      "Configuration runtimeClasspath in :dcs:distribution",
      "Configuration testCompileClasspath in :dcs:distribution",
      "Configuration testRuntimeClasspath in :dcs:distribution",
      "Configuration testCompileClasspath in :dcs:tests",
      "Configuration testRuntimeClasspath in :dcs:tests",
      "Configuration compileClasspath in :dcs:contexts:javadoc",
      "Configuration runtimeClasspath in :dcs:contexts:javadoc",
      "Configuration testCompileClasspath in :dcs:contexts:javadoc",
      "Configuration testRuntimeClasspath in :dcs:contexts:javadoc",
      "Configuration compileClasspath in :dcs:contexts:root",
      "Configuration runtimeClasspath in :dcs:contexts:root",
      "Configuration testCompileClasspath in :dcs:contexts:root",
      "Configuration testRuntimeClasspath in :dcs:contexts:root",
      "Configuration compileClasspath in :dcs:contexts:service",
      "Configuration runtimeClasspath in :dcs:contexts:service",
      "Configuration testCompileClasspath in :dcs:contexts:service",
      "Configuration testRuntimeClasspath in :dcs:contexts:service"
    ],
    "65c71ef2" : [
      "Configuration testCompileClasspath in :core-examples",
      "Configuration testRuntimeClasspath in :core-examples",
      "Configuration compileClasspath in :lang:lucene-chinese",
      "Configuration runtimeClasspath in :lang:lucene-chinese",
      "Configuration testCompileClasspath in :lang:lucene-chinese",
      "Configuration testRuntimeClasspath in :lang:lucene-chinese"
    ],
    "6adc5c70" : [
      "Configuration testCompileClasspath in :core",
      "Configuration testRuntimeClasspath in :core",
      "Configuration testCompileClasspath in :distribution-tests",
      "Configuration testRuntimeClasspath in :distribution-tests",
      "Configuration testCompileClasspath in :dcs:distribution",
      "Configuration testRuntimeClasspath in :dcs:distribution",
      "Configuration testCompileClasspath in :dcs:examples",
      "Configuration testRuntimeClasspath in :dcs:examples",
      "Configuration testCompileClasspath in :dcs:model",
      "Configuration testRuntimeClasspath in :dcs:model",
      "Configuration testCompileClasspath in :dcs:tests",
      "Configuration testRuntimeClasspath in :dcs:tests",
      "Configuration testCompileClasspath in :infra:docattrs",
      "Configuration testRuntimeClasspath in :infra:docattrs",
      "Configuration testCompileClasspath in :infra:jsondoclet",
      "Configuration testRuntimeClasspath in :infra:jsondoclet",
      "Configuration testCompileClasspath in :infra:jsondoclet-model",
      "Configuration testRuntimeClasspath in :infra:jsondoclet-model",
      "Configuration compileClasspath in :infra:tests",
      "Configuration runtimeClasspath in :infra:tests",
      "Configuration testCompileClasspath in :infra:tests",
      "Configuration testRuntimeClasspath in :infra:tests",
      "Configuration testCompileClasspath in :lang:lucene",
      "Configuration testRuntimeClasspath in :lang:lucene",
      "Configuration testCompileClasspath in :lang:lucene-chinese",
      "Configuration testRuntimeClasspath in :lang:lucene-chinese",
      "Configuration testCompileClasspath in :lang:lucene-japanese",
      "Configuration testRuntimeClasspath in :lang:lucene-japanese",
      "Configuration testCompileClasspath in :lang:lucene-korean",
      "Configuration testRuntimeClasspath in :lang:lucene-korean",
      "Configuration testCompileClasspath in :lang:polish",
      "Configuration testRuntimeClasspath in :lang:polish",
      "Configuration testCompileClasspath in :dcs:contexts:javadoc",
      "Configuration testRuntimeClasspath in :dcs:contexts:javadoc",
      "Configuration testCompileClasspath in :dcs:contexts:root",
      "Configuration testRuntimeClasspath in :dcs:contexts:root",
      "Configuration testCompileClasspath in :dcs:contexts:service",
      "Configuration testRuntimeClasspath in :dcs:contexts:service"
    ],
    "6d26e8aa" : [
      "Configuration testCompileClasspath in :core-examples",
      "Configuration testRuntimeClasspath in :core-examples",
      "Configuration compileClasspath in :lang:lucene",
      "Configuration runtimeClasspath in :lang:lucene",
      "Configuration testCompileClasspath in :lang:lucene",
      "Configuration testRuntimeClasspath in :lang:lucene",
      "Configuration compileClasspath in :lang:lucene-chinese",
      "Configuration runtimeClasspath in :lang:lucene-chinese",
      "Configuration testCompileClasspath in :lang:lucene-chinese",
      "Configuration testRuntimeClasspath in :lang:lucene-chinese",
      "Configuration compileClasspath in :lang:lucene-japanese",
      "Configuration runtimeClasspath in :lang:lucene-japanese",
      "Configuration testCompileClasspath in :lang:lucene-japanese",
      "Configuration testRuntimeClasspath in :lang:lucene-japanese",
      "Configuration compileClasspath in :lang:lucene-korean",
      "Configuration runtimeClasspath in :lang:lucene-korean",
      "Configuration testCompileClasspath in :lang:lucene-korean",
      "Configuration testRuntimeClasspath in :lang:lucene-korean",
      "Configuration runtimeClasspath in :dcs:contexts:service",
      "Configuration testRuntimeClasspath in :dcs:contexts:service"
    ],
    "743c3b8b" : [
      "Configuration compileClasspath in :lang:lucene-japanese",
      "Configuration runtimeClasspath in :lang:lucene-japanese",
      "Configuration testCompileClasspath in :lang:lucene-japanese",
      "Configuration testRuntimeClasspath in :lang:lucene-japanese"
    ],
    "77cf48b2" : [
      "Configuration compileClasspath in :dcs:distribution",
      "Configuration runtimeClasspath in :dcs:distribution",
      "Configuration testCompileClasspath in :dcs:distribution",
      "Configuration testRuntimeClasspath in :dcs:distribution",
      "Configuration testRuntimeClasspath in :dcs:tests"
    ],
    "7d23fd46" : [
      "Configuration compileClasspath in :dcs:distribution",
      "Configuration runtimeClasspath in :dcs:distribution",
      "Configuration testCompileClasspath in :dcs:distribution",
      "Configuration testRuntimeClasspath in :dcs:distribution",
      "Configuration testCompileClasspath in :dcs:tests",
      "Configuration testRuntimeClasspath in :dcs:tests"
    ],
    "8a49c2c6" : [
      "Configuration compileClasspath in :core",
      "Configuration runtimeClasspath in :core",
      "Configuration testCompileClasspath in :core",
      "Configuration testRuntimeClasspath in :core",
      "Configuration compileClasspath in :core-examples",
      "Configuration runtimeClasspath in :core-examples",
      "Configuration testCompileClasspath in :core-examples",
      "Configuration testRuntimeClasspath in :core-examples",
      "Configuration compileClasspath in :dcs:examples",
      "Configuration runtimeClasspath in :dcs:examples",
      "Configuration testCompileClasspath in :dcs:examples",
      "Configuration testRuntimeClasspath in :dcs:examples",
      "Configuration compileClasspath in :dcs:model",
      "Configuration runtimeClasspath in :dcs:model",
      "Configuration testCompileClasspath in :dcs:model",
      "Configuration testRuntimeClasspath in :dcs:model",
      "Configuration testCompileClasspath in :dcs:tests",
      "Configuration testRuntimeClasspath in :dcs:tests",
      "Configuration compileClasspath in :infra:docattrs",
      "Configuration runtimeClasspath in :infra:docattrs",
      "Configuration testCompileClasspath in :infra:docattrs",
      "Configuration testRuntimeClasspath in :infra:docattrs",
      "Configuration compileClasspath in :lang:lucene",
      "Configuration runtimeClasspath in :lang:lucene",
      "Configuration testCompileClasspath in :lang:lucene",
      "Configuration testRuntimeClasspath in :lang:lucene",
      "Configuration compileClasspath in :lang:lucene-chinese",
      "Configuration runtimeClasspath in :lang:lucene-chinese",
      "Configuration testCompileClasspath in :lang:lucene-chinese",
      "Configuration testRuntimeClasspath in :lang:lucene-chinese",
      "Configuration compileClasspath in :lang:lucene-japanese",
      "Configuration runtimeClasspath in :lang:lucene-japanese",
      "Configuration testCompileClasspath in :lang:lucene-japanese",
      "Configuration testRuntimeClasspath in :lang:lucene-japanese",
      "Configuration compileClasspath in :lang:lucene-korean",
      "Configuration runtimeClasspath in :lang:lucene-korean",
      "Configuration testCompileClasspath in :lang:lucene-korean",
      "Configuration testRuntimeClasspath in :lang:lucene-korean",
      "Configuration compileClasspath in :lang:polish",
      "Configuration runtimeClasspath in :lang:polish",
      "Configuration testCompileClasspath in :lang:polish",
      "Configuration testRuntimeClasspath in :lang:polish",
      "Configuration compileClasspath in :dcs:contexts:service",
      "Configuration runtimeClasspath in :dcs:contexts:service",
      "Configuration testCompileClasspath in :dcs:contexts:service",
      "Configuration testRuntimeClasspath in :dcs:contexts:service"
    ],
    "8beb2115" : [
      "Configuration testCompileClasspath in :core",
      "Configuration testRuntimeClasspath in :core",
      "Configuration testCompileClasspath in :distribution-tests",
      "Configuration testRuntimeClasspath in :distribution-tests",
      "Configuration testCompileClasspath in :dcs:distribution",
      "Configuration testRuntimeClasspath in :dcs:distribution",
      "Configuration compileClasspath in :dcs:examples",
      "Configuration runtimeClasspath in :dcs:examples",
      "Configuration testCompileClasspath in :dcs:examples",
      "Configuration testRuntimeClasspath in :dcs:examples",
      "Configuration testCompileClasspath in :dcs:model",
      "Configuration testRuntimeClasspath in :dcs:model",
      "Configuration testCompileClasspath in :dcs:tests",
      "Configuration testRuntimeClasspath in :dcs:tests",
      "Configuration testCompileClasspath in :infra:docattrs",
      "Configuration testRuntimeClasspath in :infra:docattrs",
      "Configuration testCompileClasspath in :infra:jsondoclet",
      "Configuration testRuntimeClasspath in :infra:jsondoclet",
      "Configuration testCompileClasspath in :infra:jsondoclet-model",
      "Configuration testRuntimeClasspath in :infra:jsondoclet-model",
      "Configuration compileClasspath in :infra:tests",
      "Configuration runtimeClasspath in :infra:tests",
      "Configuration testCompileClasspath in :infra:tests",
      "Configuration testRuntimeClasspath in :infra:tests",
      "Configuration testCompileClasspath in :lang:lucene",
      "Configuration testRuntimeClasspath in :lang:lucene",
      "Configuration testCompileClasspath in :lang:lucene-chinese",
      "Configuration testRuntimeClasspath in :lang:lucene-chinese",
      "Configuration testCompileClasspath in :lang:lucene-japanese",
      "Configuration testRuntimeClasspath in :lang:lucene-japanese",
      "Configuration testCompileClasspath in :lang:lucene-korean",
      "Configuration testRuntimeClasspath in :lang:lucene-korean",
      "Configuration testCompileClasspath in :lang:polish",
      "Configuration testRuntimeClasspath in :lang:polish",
      "Configuration testCompileClasspath in :dcs:contexts:javadoc",
      "Configuration testRuntimeClasspath in :dcs:contexts:javadoc",
      "Configuration testCompileClasspath in :dcs:contexts:root",
      "Configuration testRuntimeClasspath in :dcs:contexts:root",
      "Configuration testCompileClasspath in :dcs:contexts:service",
      "Configuration testRuntimeClasspath in :dcs:contexts:service"
    ],
    "a031e2cb" : [
      "Configuration compileClasspath in :lang:lucene-korean",
      "Configuration runtimeClasspath in :lang:lucene-korean",
      "Configuration testCompileClasspath in :lang:lucene-korean",
      "Configuration testRuntimeClasspath in :lang:lucene-korean"
    ],
    "b1bf56db" : [
      "Configuration testCompileClasspath in :core",
      "Configuration testRuntimeClasspath in :core",
      "Configuration testCompileClasspath in :distribution-tests",
      "Configuration testRuntimeClasspath in :distribution-tests",
      "Configuration compileClasspath in :dcs:distribution",
      "Configuration runtimeClasspath in :dcs:distribution",
      "Configuration testCompileClasspath in :dcs:distribution",
      "Configuration testRuntimeClasspath in :dcs:distribution",
      "Configuration compileClasspath in :dcs:examples",
      "Configuration runtimeClasspath in :dcs:examples",
      "Configuration testCompileClasspath in :dcs:examples",
      "Configuration testRuntimeClasspath in :dcs:examples",
      "Configuration testCompileClasspath in :dcs:model",
      "Configuration testRuntimeClasspath in :dcs:model",
      "Configuration testCompileClasspath in :dcs:tests",
      "Configuration testRuntimeClasspath in :dcs:tests",
      "Configuration compileClasspath in :infra:docattrs",
      "Configuration runtimeClasspath in :infra:docattrs",
      "Configuration testCompileClasspath in :infra:docattrs",
      "Configuration testRuntimeClasspath in :infra:docattrs",
      "Configuration testCompileClasspath in :infra:jsondoclet",
      "Configuration testRuntimeClasspath in :infra:jsondoclet",
      "Configuration testCompileClasspath in :infra:jsondoclet-model",
      "Configuration testRuntimeClasspath in :infra:jsondoclet-model",
      "Configuration compileClasspath in :infra:tests",
      "Configuration runtimeClasspath in :infra:tests",
      "Configuration testCompileClasspath in :infra:tests",
      "Configuration testRuntimeClasspath in :infra:tests",
      "Configuration testCompileClasspath in :lang:lucene",
      "Configuration testRuntimeClasspath in :lang:lucene",
      "Configuration testCompileClasspath in :lang:lucene-chinese",
      "Configuration testRuntimeClasspath in :lang:lucene-chinese",
      "Configuration testCompileClasspath in :lang:lucene-japanese",
      "Configuration testRuntimeClasspath in :lang:lucene-japanese",
      "Configuration testCompileClasspath in :lang:lucene-korean",
      "Configuration testRuntimeClasspath in :lang:lucene-korean",
      "Configuration testCompileClasspath in :lang:polish",
      "Configuration testRuntimeClasspath in :lang:polish",
      "Configuration testCompileClasspath in :dcs:contexts:javadoc",
      "Configuration testRuntimeClasspath in :dcs:contexts:javadoc",
      "Configuration testCompileClasspath in :dcs:contexts:root",
      "Configuration testRuntimeClasspath in :dcs:contexts:root",
      "Configuration compileClasspath in :dcs:contexts:service",
      "Configuration testCompileClasspath in :dcs:contexts:service",
      "Configuration testRuntimeClasspath in :dcs:contexts:service"
    ],
    "b3b6b06b" : [
      "Configuration testCompileClasspath in :core",
      "Configuration testRuntimeClasspath in :core",
      "Configuration testCompileClasspath in :core-examples",
      "Configuration testRuntimeClasspath in :core-examples",
      "Configuration testCompileClasspath in :distribution-tests",
      "Configuration testRuntimeClasspath in :distribution-tests",
      "Configuration testCompileClasspath in :dcs:distribution",
      "Configuration testRuntimeClasspath in :dcs:distribution",
      "Configuration testCompileClasspath in :dcs:examples",
      "Configuration testRuntimeClasspath in :dcs:examples",
      "Configuration testCompileClasspath in :dcs:model",
      "Configuration testRuntimeClasspath in :dcs:model",
      "Configuration testCompileClasspath in :dcs:tests",
      "Configuration testRuntimeClasspath in :dcs:tests",
      "Configuration testCompileClasspath in :infra:docattrs",
      "Configuration testRuntimeClasspath in :infra:docattrs",
      "Configuration testCompileClasspath in :infra:jsondoclet",
      "Configuration testRuntimeClasspath in :infra:jsondoclet",
      "Configuration testCompileClasspath in :infra:jsondoclet-model",
      "Configuration testRuntimeClasspath in :infra:jsondoclet-model",
      "Configuration compileClasspath in :infra:tests",
      "Configuration runtimeClasspath in :infra:tests",
      "Configuration testCompileClasspath in :infra:tests",
      "Configuration testRuntimeClasspath in :infra:tests",
      "Configuration testCompileClasspath in :lang:lucene",
      "Configuration testRuntimeClasspath in :lang:lucene",
      "Configuration testCompileClasspath in :lang:lucene-chinese",
      "Configuration testRuntimeClasspath in :lang:lucene-chinese",
      "Configuration testCompileClasspath in :lang:lucene-japanese",
      "Configuration testRuntimeClasspath in :lang:lucene-japanese",
      "Configuration testCompileClasspath in :lang:lucene-korean",
      "Configuration testRuntimeClasspath in :lang:lucene-korean",
      "Configuration testCompileClasspath in :lang:polish",
      "Configuration testRuntimeClasspath in :lang:polish",
      "Configuration testCompileClasspath in :dcs:contexts:javadoc",
      "Configuration testRuntimeClasspath in :dcs:contexts:javadoc",
      "Configuration testCompileClasspath in :dcs:contexts:root",
      "Configuration testRuntimeClasspath in :dcs:contexts:root",
      "Configuration testCompileClasspath in :dcs:contexts:service",
      "Configuration testRuntimeClasspath in :dcs:contexts:service"
    ],
    "cf59ff86" : [
      "Configuration testCompileClasspath in :distribution-tests",
      "Configuration testRuntimeClasspath in :distribution-tests"
    ],
    "d2915842" : [
      "Configuration testRuntimeClasspath in :dcs:contexts:service"
    ],
    "d462e4dc" : [
      "Configuration testRuntimeClasspath in :core-examples",
      "Configuration compileClasspath in :lang:polish",
      "Configuration runtimeClasspath in :lang:polish",
      "Configuration testCompileClasspath in :lang:polish",
      "Configuration testRuntimeClasspath in :lang:polish",
      "Configuration runtimeClasspath in :dcs:contexts:service",
      "Configuration testRuntimeClasspath in :dcs:contexts:service"
    ],
    "d88b325f" : [
      "Configuration testCompileClasspath in :distribution-tests",
      "Configuration testRuntimeClasspath in :distribution-tests",
      "Configuration compileClasspath in :dcs:distribution",
      "Configuration runtimeClasspath in :dcs:distribution",
      "Configuration testCompileClasspath in :dcs:distribution",
      "Configuration testRuntimeClasspath in :dcs:distribution",
      "Configuration compileClasspath in :dcs:examples",
      "Configuration runtimeClasspath in :dcs:examples",
      "Configuration testCompileClasspath in :dcs:examples",
      "Configuration testRuntimeClasspath in :dcs:examples",
      "Configuration testCompileClasspath in :dcs:tests",
      "Configuration testRuntimeClasspath in :dcs:tests",
      "Configuration compileClasspath in :infra:docattrs",
      "Configuration runtimeClasspath in :infra:docattrs",
      "Configuration testCompileClasspath in :infra:docattrs",
      "Configuration testRuntimeClasspath in :infra:docattrs"
    ],
    "ddb40bdf" : [
      "Configuration testCompileClasspath in :core",
      "Configuration testRuntimeClasspath in :core",
      "Configuration testCompileClasspath in :distribution-tests",
      "Configuration testRuntimeClasspath in :distribution-tests",
      "Configuration compileClasspath in :dcs:distribution",
      "Configuration runtimeClasspath in :dcs:distribution",
      "Configuration testCompileClasspath in :dcs:distribution",
      "Configuration testRuntimeClasspath in :dcs:distribution",
      "Configuration compileClasspath in :dcs:examples",
      "Configuration runtimeClasspath in :dcs:examples",
      "Configuration testCompileClasspath in :dcs:examples",
      "Configuration testRuntimeClasspath in :dcs:examples",
      "Configuration testCompileClasspath in :dcs:model",
      "Configuration testRuntimeClasspath in :dcs:model",
      "Configuration testCompileClasspath in :dcs:tests",
      "Configuration testRuntimeClasspath in :dcs:tests",
      "Configuration compileClasspath in :infra:docattrs",
      "Configuration runtimeClasspath in :infra:docattrs",
      "Configuration testCompileClasspath in :infra:docattrs",
      "Configuration testRuntimeClasspath in :infra:docattrs",
      "Configuration testCompileClasspath in :infra:jsondoclet",
      "Configuration testRuntimeClasspath in :infra:jsondoclet",
      "Configuration testCompileClasspath in :infra:jsondoclet-model",
      "Configuration testRuntimeClasspath in :infra:jsondoclet-model",
      "Configuration compileClasspath in :infra:tests",
      "Configuration runtimeClasspath in :infra:tests",
      "Configuration testCompileClasspath in :infra:tests",
      "Configuration testRuntimeClasspath in :infra:tests",
      "Configuration testCompileClasspath in :lang:lucene",
      "Configuration testRuntimeClasspath in :lang:lucene",
      "Configuration testCompileClasspath in :lang:lucene-chinese",
      "Configuration testRuntimeClasspath in :lang:lucene-chinese",
      "Configuration testCompileClasspath in :lang:lucene-japanese",
      "Configuration testRuntimeClasspath in :lang:lucene-japanese",
      "Configuration testCompileClasspath in :lang:lucene-korean",
      "Configuration testRuntimeClasspath in :lang:lucene-korean",
      "Configuration testCompileClasspath in :lang:polish",
      "Configuration testRuntimeClasspath in :lang:polish",
      "Configuration testCompileClasspath in :dcs:contexts:javadoc",
      "Configuration testRuntimeClasspath in :dcs:contexts:javadoc",
      "Configuration testCompileClasspath in :dcs:contexts:root",
      "Configuration testRuntimeClasspath in :dcs:contexts:root",
      "Configuration testCompileClasspath in :dcs:contexts:service",
      "Configuration testRuntimeClasspath in :dcs:contexts:service"
    ]
  }
}