
Microsoft Visual Studio Solution File, Format Version 9.00
# Visual Studio 2005
Project("{FAE04EC0-301F-11D3-BF4B-00C04F79EFBC}") = "DCS-CSharp-Example", "DCS-CSharp-Example.csproj", "{1BC54A07-EFEC-4C68-A050-5DDE2A818482}"
EndProject
Global
	GlobalSection(SolutionConfigurationPlatforms) = preSolution
		Debug|Any CPU = Debug|Any CPU
		Release|Any CPU = Release|Any CPU
	EndGlobalSection
	GlobalSection(ProjectConfigurationPlatforms) = postSolution
		{1BC54A07-EFEC-4C68-A050-5DDE2A818482}.Debug|Any CPU.ActiveCfg = Debug|Any CPU
		{1BC54A07-EFEC-4C68-A050-5DDE2A818482}.Debug|Any CPU.Build.0 = Debug|Any CPU
		{1BC54A07-EFEC-4C68-A050-5DDE2A818482}.Release|Any CPU.ActiveCfg = Release|Any CPU
		{1BC54A07-EFEC-4C68-A050-5DDE2A818482}.Release|Any CPU.Build.0 = Release|Any CPU
	EndGlobalSection
	GlobalSection(SolutionProperties) = preSolution
		HideSolutionNode = FALSE
	EndGlobalSection
EndGlobal
